
Microsoft Visual Studio Solution File, Format Version 12.00
# Visual Studio Version 16
VisualStudioVersion = 16.0.28803.202
MinimumVisualStudioVersion = 10.0.40219.1
Project("{888888A0-9F3D-457C-B088-3A5042F75D52}") = "matrix", "matrix.pyproj", "{27C1E48A-2FB8-4B28-BF8A-6A8594F543EC}"
EndProject
Global
	GlobalSection(SolutionConfigurationPlatforms) = preSolution
		Debug|Any CPU = Debug|Any CPU
		Release|Any CPU = Release|Any CPU
	EndGlobalSection
	GlobalSection(ProjectConfigurationPlatforms) = postSolution
		{27C1E48A-2FB8-4B28-BF8A-6A8594F543EC}.Debug|Any CPU.ActiveCfg = Debug|Any CPU
		{27C1E48A-2FB8-4B28-BF8A-6A8594F543EC}.Release|Any CPU.ActiveCfg = Release|Any CPU
	EndGlobalSection
	GlobalSection(SolutionProperties) = preSolution
		HideSolutionNode = FALSE
	EndGlobalSection
	GlobalSection(ExtensibilityGlobals) = postSolution
		SolutionGuid = {25BAE28A-6904-40FD-976E-71F95FEB2621}
	EndGlobalSection
EndGlobal
